
Microsoft Visual Studio Solution File, Format Version 12.00
# Visual Studio Version 17
VisualStudioVersion = 17.0.31903.59
MinimumVisualStudioVersion = 10.0.40219.1
Project("{2150E333-8FDC-42A3-9474-1A3956D46DE8}") = "src", "src", "{827E0CD3-B72D-47B6-A68D-7590B98EB39B}"
EndProject
Project("{2150E333-8FDC-42A3-9474-1A3956D46DE8}") = "BuildingBlocks", "BuildingBlocks", "{90298CBA-BD6F-3A0A-69D5-97CAD7B05E7E}"
EndProject
Project("{FAE04EC0-301F-11D3-BF4B-00C04F79EFBC}") = "Common", "src\BuildingBlocks\Common\Common.csproj", "{CFE190F2-24AA-4428-8F80-3B92B111D1BC}"
EndProject
Project("{FAE04EC0-301F-11D3-BF4B-00C04F79EFBC}") = "EventBus.Messages", "src\BuildingBlocks\EventBus.Messages\EventBus.Messages.csproj", "{5315090E-48CB-4B39-87B8-A807ECB55A44}"
EndProject
Project("{2150E333-8FDC-42A3-9474-1A3956D46DE8}") = "Prototype", "Prototype", "{93412518-5B28-46C9-9C3A-D0F59B4753F5}"
EndProject
Project("{FAE04EC0-301F-11D3-BF4B-00C04F79EFBC}") = "TourConnect.Prototype", "src\Prototype\TourConnect.Prototype\TourConnect.Prototype.csproj", "{2E5E83A9-DAB4-4E8D-B442-FF56CA5D3F05}"
EndProject
Project("{2150E333-8FDC-42A3-9474-1A3956D46DE8}") = "Monolith", "Monolith", "{729A333E-ABD6-BEB7-26CA-C39A7539F140}"
EndProject
Project("{FAE04EC0-301F-11D3-BF4B-00C04F79EFBC}") = "TourConnect.Domain", "src\Monolith\TourConnect.Domain\TourConnect.Domain.csproj", "{E83ED270-6C7C-4BF0-A714-43511E276FFC}"
EndProject
Project("{FAE04EC0-301F-11D3-BF4B-00C04F79EFBC}") = "TourConnect.Application", "src\Monolith\TourConnect.Application\TourConnect.Application.csproj", "{086EF73D-1668-406E-B6B3-004AAA30BCC2}"
EndProject
Project("{FAE04EC0-301F-11D3-BF4B-00C04F79EFBC}") = "TourConnect.Infrastructure", "src\Monolith\TourConnect.Infrastructure\TourConnect.Infrastructure.csproj", "{38C8F671-31A7-4C89-9BBC-5B6751C6D54F}"
EndProject
Project("{FAE04EC0-301F-11D3-BF4B-00C04F79EFBC}") = "TourConnect.API", "src\Monolith\TourConnect.API\TourConnect.API.csproj", "{4EA5FCC1-ED59-4BD3-B59B-58B8DED46676}"
EndProject
Global
	GlobalSection(SolutionConfigurationPlatforms) = preSolution
		Debug|Any CPU = Debug|Any CPU
		Debug|x64 = Debug|x64
		Debug|x86 = Debug|x86
		Release|Any CPU = Release|Any CPU
		Release|x64 = Release|x64
		Release|x86 = Release|x86
	EndGlobalSection
	GlobalSection(ProjectConfigurationPlatforms) = postSolution
		{CFE190F2-24AA-4428-8F80-3B92B111D1BC}.Debug|Any CPU.ActiveCfg = Debug|Any CPU
		{CFE190F2-24AA-4428-8F80-3B92B111D1BC}.Debug|Any CPU.Build.0 = Debug|Any CPU
		{CFE190F2-24AA-4428-8F80-3B92B111D1BC}.Debug|x64.ActiveCfg = Debug|Any CPU
		{CFE190F2-24AA-4428-8F80-3B92B111D1BC}.Debug|x64.Build.0 = Debug|Any CPU
		{CFE190F2-24AA-4428-8F80-3B92B111D1BC}.Debug|x86.ActiveCfg = Debug|Any CPU
		{CFE190F2-24AA-4428-8F80-3B92B111D1BC}.Debug|x86.Build.0 = Debug|Any CPU
		{CFE190F2-24AA-4428-8F80-3B92B111D1BC}.Release|Any CPU.ActiveCfg = Release|Any CPU
		{CFE190F2-24AA-4428-8F80-3B92B111D1BC}.Release|Any CPU.Build.0 = Release|Any CPU
		{CFE190F2-24AA-4428-8F80-3B92B111D1BC}.Release|x64.ActiveCfg = Release|Any CPU
		{CFE190F2-24AA-4428-8F80-3B92B111D1BC}.Release|x64.Build.0 = Release|Any CPU
		{CFE190F2-24AA-4428-8F80-3B92B111D1BC}.Release|x86.ActiveCfg = Release|Any CPU
		{CFE190F2-24AA-4428-8F80-3B92B111D1BC}.Release|x86.Build.0 = Release|Any CPU
		{5315090E-48CB-4B39-87B8-A807ECB55A44}.Debug|Any CPU.ActiveCfg = Debug|Any CPU
		{5315090E-48CB-4B39-87B8-A807ECB55A44}.Debug|Any CPU.Build.0 = Debug|Any CPU
		{5315090E-48CB-4B39-87B8-A807ECB55A44}.Debug|x64.ActiveCfg = Debug|Any CPU
		{5315090E-48CB-4B39-87B8-A807ECB55A44}.Debug|x64.Build.0 = Debug|Any CPU
		{5315090E-48CB-4B39-87B8-A807ECB55A44}.Debug|x86.ActiveCfg = Debug|Any CPU
		{5315090E-48CB-4B39-87B8-A807ECB55A44}.Debug|x86.Build.0 = Debug|Any CPU
		{5315090E-48CB-4B39-87B8-A807ECB55A44}.Release|Any CPU.ActiveCfg = Release|Any CPU
		{5315090E-48CB-4B39-87B8-A807ECB55A44}.Release|Any CPU.Build.0 = Release|Any CPU
		{5315090E-48CB-4B39-87B8-A807ECB55A44}.Release|x64.ActiveCfg = Release|Any CPU
		{5315090E-48CB-4B39-87B8-A807ECB55A44}.Release|x64.Build.0 = Release|Any CPU
		{5315090E-48CB-4B39-87B8-A807ECB55A44}.Release|x86.ActiveCfg = Release|Any CPU
		{5315090E-48CB-4B39-87B8-A807ECB55A44}.Release|x86.Build.0 = Release|Any CPU
		{2E5E83A9-DAB4-4E8D-B442-FF56CA5D3F05}.Debug|Any CPU.ActiveCfg = Debug|Any CPU
		{2E5E83A9-DAB4-4E8D-B442-FF56CA5D3F05}.Debug|Any CPU.Build.0 = Debug|Any CPU
		{2E5E83A9-DAB4-4E8D-B442-FF56CA5D3F05}.Debug|x64.ActiveCfg = Debug|Any CPU
		{2E5E83A9-DAB4-4E8D-B442-FF56CA5D3F05}.Debug|x64.Build.0 = Debug|Any CPU
		{2E5E83A9-DAB4-4E8D-B442-FF56CA5D3F05}.Debug|x86.ActiveCfg = Debug|Any CPU
		{2E5E83A9-DAB4-4E8D-B442-FF56CA5D3F05}.Debug|x86.Build.0 = Debug|Any CPU
		{2E5E83A9-DAB4-4E8D-B442-FF56CA5D3F05}.Release|Any CPU.ActiveCfg = Release|Any CPU
		{2E5E83A9-DAB4-4E8D-B442-FF56CA5D3F05}.Release|Any CPU.Build.0 = Release|Any CPU
		{2E5E83A9-DAB4-4E8D-B442-FF56CA5D3F05}.Release|x64.ActiveCfg = Release|Any CPU
		{2E5E83A9-DAB4-4E8D-B442-FF56CA5D3F05}.Release|x64.Build.0 = Release|Any CPU
		{2E5E83A9-DAB4-4E8D-B442-FF56CA5D3F05}.Release|x86.ActiveCfg = Release|Any CPU
		{2E5E83A9-DAB4-4E8D-B442-FF56CA5D3F05}.Release|x86.Build.0 = Release|Any CPU
		{E83ED270-6C7C-4BF0-A714-43511E276FFC}.Debug|Any CPU.ActiveCfg = Debug|Any CPU
		{E83ED270-6C7C-4BF0-A714-43511E276FFC}.Debug|Any CPU.Build.0 = Debug|Any CPU
		{E83ED270-6C7C-4BF0-A714-43511E276FFC}.Debug|x64.ActiveCfg = Debug|Any CPU
		{E83ED270-6C7C-4BF0-A714-43511E276FFC}.Debug|x64.Build.0 = Debug|Any CPU
		{E83ED270-6C7C-4BF0-A714-43511E276FFC}.Debug|x86.ActiveCfg = Debug|Any CPU
		{E83ED270-6C7C-4BF0-A714-43511E276FFC}.Debug|x86.Build.0 = Debug|Any CPU
		{E83ED270-6C7C-4BF0-A714-43511E276FFC}.Release|Any CPU.ActiveCfg = Release|Any CPU
		{E83ED270-6C7C-4BF0-A714-43511E276FFC}.Release|Any CPU.Build.0 = Release|Any CPU
		{E83ED270-6C7C-4BF0-A714-43511E276FFC}.Release|x64.ActiveCfg = Release|Any CPU
		{E83ED270-6C7C-4BF0-A714-43511E276FFC}.Release|x64.Build.0 = Release|Any CPU
		{E83ED270-6C7C-4BF0-A714-43511E276FFC}.Release|x86.ActiveCfg = Release|Any CPU
		{E83ED270-6C7C-4BF0-A714-43511E276FFC}.Release|x86.Build.0 = Release|Any CPU
		{086EF73D-1668-406E-B6B3-004AAA30BCC2}.Debug|Any CPU.ActiveCfg = Debug|Any CPU
		{086EF73D-1668-406E-B6B3-004AAA30BCC2}.Debug|Any CPU.Build.0 = Debug|Any CPU
		{086EF73D-1668-406E-B6B3-004AAA30BCC2}.Debug|x64.ActiveCfg = Debug|Any CPU
		{086EF73D-1668-406E-B6B3-004AAA30BCC2}.Debug|x64.Build.0 = Debug|Any CPU
		{086EF73D-1668-406E-B6B3-004AAA30BCC2}.Debug|x86.ActiveCfg = Debug|Any CPU
		{086EF73D-1668-406E-B6B3-004AAA30BCC2}.Debug|x86.Build.0 = Debug|Any CPU
		{086EF73D-1668-406E-B6B3-004AAA30BCC2}.Release|Any CPU.ActiveCfg = Release|Any CPU
		{086EF73D-1668-406E-B6B3-004AAA30BCC2}.Release|Any CPU.Build.0 = Release|Any CPU
		{086EF73D-1668-406E-B6B3-004AAA30BCC2}.Release|x64.ActiveCfg = Release|Any CPU
		{086EF73D-1668-406E-B6B3-004AAA30BCC2}.Release|x64.Build.0 = Release|Any CPU
		{086EF73D-1668-406E-B6B3-004AAA30BCC2}.Release|x86.ActiveCfg = Release|Any CPU
		{086EF73D-1668-406E-B6B3-004AAA30BCC2}.Release|x86.Build.0 = Release|Any CPU
		{38C8F671-31A7-4C89-9BBC-5B6751C6D54F}.Debug|Any CPU.ActiveCfg = Debug|Any CPU
		{38C8F671-31A7-4C89-9BBC-5B6751C6D54F}.Debug|Any CPU.Build.0 = Debug|Any CPU
		{38C8F671-31A7-4C89-9BBC-5B6751C6D54F}.Debug|x64.ActiveCfg = Debug|Any CPU
		{38C8F671-31A7-4C89-9BBC-5B6751C6D54F}.Debug|x64.Build.0 = Debug|Any CPU
		{38C8F671-31A7-4C89-9BBC-5B6751C6D54F}.Debug|x86.ActiveCfg = Debug|Any CPU
		{38C8F671-31A7-4C89-9BBC-5B6751C6D54F}.Debug|x86.Build.0 = Debug|Any CPU
		{38C8F671-31A7-4C89-9BBC-5B6751C6D54F}.Release|Any CPU.ActiveCfg = Release|Any CPU
		{38C8F671-31A7-4C89-9BBC-5B6751C6D54F}.Release|Any CPU.Build.0 = Release|Any CPU
		{38C8F671-31A7-4C89-9BBC-5B6751C6D54F}.Release|x64.ActiveCfg = Release|Any CPU
		{38C8F671-31A7-4C89-9BBC-5B6751C6D54F}.Release|x64.Build.0 = Release|Any CPU
		{38C8F671-31A7-4C89-9BBC-5B6751C6D54F}.Release|x86.ActiveCfg = Release|Any CPU
		{38C8F671-31A7-4C89-9BBC-5B6751C6D54F}.Release|x86.Build.0 = Release|Any CPU
		{4EA5FCC1-ED59-4BD3-B59B-58B8DED46676}.Debug|Any CPU.ActiveCfg = Debug|Any CPU
		{4EA5FCC1-ED59-4BD3-B59B-58B8DED46676}.Debug|Any CPU.Build.0 = Debug|Any CPU
		{4EA5FCC1-ED59-4BD3-B59B-58B8DED46676}.Debug|x64.ActiveCfg = Debug|Any CPU
		{4EA5FCC1-ED59-4BD3-B59B-58B8DED46676}.Debug|x64.Build.0 = Debug|Any CPU
		{4EA5FCC1-ED59-4BD3-B59B-58B8DED46676}.Debug|x86.ActiveCfg = Debug|Any CPU
		{4EA5FCC1-ED59-4BD3-B59B-58B8DED46676}.Debug|x86.Build.0 = Debug|Any CPU
		{4EA5FCC1-ED59-4BD3-B59B-58B8DED46676}.Release|Any CPU.ActiveCfg = Release|Any CPU
		{4EA5FCC1-ED59-4BD3-B59B-58B8DED46676}.Release|Any CPU.Build.0 = Release|Any CPU
		{4EA5FCC1-ED59-4BD3-B59B-58B8DED46676}.Release|x64.ActiveCfg = Release|Any CPU
		{4EA5FCC1-ED59-4BD3-B59B-58B8DED46676}.Release|x64.Build.0 = Release|Any CPU
		{4EA5FCC1-ED59-4BD3-B59B-58B8DED46676}.Release|x86.ActiveCfg = Release|Any CPU
		{4EA5FCC1-ED59-4BD3-B59B-58B8DED46676}.Release|x86.Build.0 = Release|Any CPU
	EndGlobalSection
	GlobalSection(SolutionProperties) = preSolution
		HideSolutionNode = FALSE
	EndGlobalSection
	GlobalSection(NestedProjects) = preSolution
		{90298CBA-BD6F-3A0A-69D5-97CAD7B05E7E} = {827E0CD3-B72D-47B6-A68D-7590B98EB39B}
		{CFE190F2-24AA-4428-8F80-3B92B111D1BC} = {90298CBA-BD6F-3A0A-69D5-97CAD7B05E7E}
		{5315090E-48CB-4B39-87B8-A807ECB55A44} = {90298CBA-BD6F-3A0A-69D5-97CAD7B05E7E}
		{93412518-5B28-46C9-9C3A-D0F59B4753F5} = {827E0CD3-B72D-47B6-A68D-7590B98EB39B}
		{2E5E83A9-DAB4-4E8D-B442-FF56CA5D3F05} = {93412518-5B28-46C9-9C3A-D0F59B4753F5}
		{729A333E-ABD6-BEB7-26CA-C39A7539F140} = {827E0CD3-B72D-47B6-A68D-7590B98EB39B}
		{E83ED270-6C7C-4BF0-A714-43511E276FFC} = {729A333E-ABD6-BEB7-26CA-C39A7539F140}
		{086EF73D-1668-406E-B6B3-004AAA30BCC2} = {729A333E-ABD6-BEB7-26CA-C39A7539F140}
		{38C8F671-31A7-4C89-9BBC-5B6751C6D54F} = {729A333E-ABD6-BEB7-26CA-C39A7539F140}
		{4EA5FCC1-ED59-4BD3-B59B-58B8DED46676} = {729A333E-ABD6-BEB7-26CA-C39A7539F140}
	EndGlobalSection
EndGlobal
