
Microsoft Visual Studio Solution File, Format Version 12.00
# Visual Studio Version 17
VisualStudioVersion = 17.0.31903.59
MinimumVisualStudioVersion = 10.0.40219.1
Project("{2150E333-8FDC-42A3-9474-1A3956D46DE8}") = "src", "src", "{827E0CD3-B72D-47B6-A68D-7590B98EB39B}"
EndProject
Project("{2150E333-8FDC-42A3-9474-1A3956D46DE8}") = "BuildingBlocks", "BuildingBlocks", "{90298CBA-BD6F-3A0A-69D5-97CAD7B05E7E}"
EndProject
Project("{FAE04EC0-301F-11D3-BF4B-00C04F79EFBC}") = "Common", "src\BuildingBlocks\Common\Common.csproj", "{CFE190F2-24AA-4428-8F80-3B92B111D1BC}"
EndProject
Project("{FAE04EC0-301F-11D3-BF4B-00C04F79EFBC}") = "EventBus.Messages", "src\BuildingBlocks\EventBus.Messages\EventBus.Messages.csproj", "{5315090E-48CB-4B39-87B8-A807ECB55A44}"
EndProject
Project("{2150E333-8FDC-42A3-9474-1A3956D46DE8}") = "Prototype", "Prototype", "{93412518-5B28-46C9-9C3A-D0F59B4753F5}"
EndProject
Project("{FAE04EC0-301F-11D3-BF4B-00C04F79EFBC}") = "TourConnect.Prototype", "src\Prototype\TourConnect.Prototype\TourConnect.Prototype.csproj", "{2E5E83A9-DAB4-4E8D-B442-FF56CA5D3F05}"
EndProject
Project("{2150E333-8FDC-42A3-9474-1A3956D46DE8}") = "Monolith", "Monolith", "{729A333E-ABD6-BEB7-26CA-C39A7539F140}"
EndProject
Project("{FAE04EC0-301F-11D3-BF4B-00C04F79EFBC}") = "TourConnect.Domain", "src\Monolith\TourConnect.Domain\TourConnect.Domain.csproj", "{E83ED270-6C7C-4BF0-A714-43511E276FFC}"
EndProject
Project("{FAE04EC0-301F-11D3-BF4B-00C04F79EFBC}") = "TourConnect.Application", "src\Monolith\TourConnect.Application\TourConnect.Application.csproj", "{086EF73D-1668-406E-B6B3-004AAA30BCC2}"
EndProject
Project("{FAE04EC0-301F-11D3-BF4B-00C04F79EFBC}") = "TourConnect.Infrastructure", "src\Monolith\TourConnect.Infrastructure\TourConnect.Infrastructure.csproj", "{38C8F671-31A7-4C89-9BBC-5B6751C6D54F}"
EndProject
Project("{FAE04EC0-301F-11D3-BF4B-00C04F79EFBC}") = "TourConnect.API", "src\Monolith\TourConnect.API\TourConnect.API.csproj", "{4EA5FCC1-ED59-4BD3-B59B-58B8DED46676}"
EndProject
Project("{FAE04EC0-301F-11D3-BF4B-00C04F79EFBC}") = "TourConnect.Application.Tests", "src\Monolith\TourConnect.Application.Tests\TourConnect.Application.Tests.csproj", "{BFB2FBD1-56C1-4A98-B656-F9F037C5B19E}"
EndProject
Project("{2150E333-8FDC-42A3-9474-1A3956D46DE8}") = "Services", "Services", "{984BB9B3-3FA3-BE33-9484-CAC21695A33C}"
EndProject
Project("{2150E333-8FDC-42A3-9474-1A3956D46DE8}") = "TourService", "TourService", "{E4D89B8B-A6D4-BC0A-2229-2ABC878118D8}"
EndProject
Project("{FAE04EC0-301F-11D3-BF4B-00C04F79EFBC}") = "TourConnect.TourService", "src\Services\TourService\TourConnect.TourService\TourConnect.TourService.csproj", "{0BEA9B0D-46B0-4AB9-BEC2-B2AFBDC904B9}"
EndProject
Project("{2150E333-8FDC-42A3-9474-1A3956D46DE8}") = "MatchingService", "MatchingService", "{94D1A4AD-6380-E953-EAC2-EBD37294B1B4}"
EndProject
Project("{FAE04EC0-301F-11D3-BF4B-00C04F79EFBC}") = "TourConnect.MatchingService", "src\Services\MatchingService\TourConnect.MatchingService\TourConnect.MatchingService.csproj", "{E557DD96-2F5A-4E30-AAF5-7929AB104D27}"
EndProject
Project("{2150E333-8FDC-42A3-9474-1A3956D46DE8}") = "Gateway", "Gateway", "{6306A8FB-679E-111F-6585-8F70E0EE6013}"
EndProject
Project("{FAE04EC0-301F-11D3-BF4B-00C04F79EFBC}") = "TourConnect.Gateway", "src\Gateway\TourConnect.Gateway\TourConnect.Gateway.csproj", "{45301EF6-AB9E-4D40-B030-2E5B468CDB68}"
EndProject
Project("{2150E333-8FDC-42A3-9474-1A3956D46DE8}") = "Services", "Services", "{5854FF58-B8C5-05C6-5BF2-ACE42193F22B}"
EndProject
Project("{2150E333-8FDC-42A3-9474-1A3956D46DE8}") = "TourService", "TourService", "{BA3108AB-3D09-E86C-2454-C4155AC70159}"
EndProject
Project("{FAE04EC0-301F-11D3-BF4B-00C04F79EFBC}") = "TourConnect.TourService.Domain", "src\Services\TourService\TourConnect.TourService.Domain\TourConnect.TourService.Domain.csproj", "{0C47BD00-C5DE-43DC-A62D-FD51511D06CB}"
EndProject
Project("{FAE04EC0-301F-11D3-BF4B-00C04F79EFBC}") = "TourConnect.TourService.Application", "src\Services\TourService\TourConnect.TourService.Application\TourConnect.TourService.Application.csproj", "{7281067E-F0D1-4391-8C37-37B3BF2B11FA}"
EndProject
Project("{FAE04EC0-301F-11D3-BF4B-00C04F79EFBC}") = "TourConnect.TourService.Infrastructure", "src\Services\TourService\TourConnect.TourService.Infrastructure\TourConnect.TourService.Infrastructure.csproj", "{02AC0111-5F2D-4848-9DBB-5D334DC9D410}"
EndProject
Project("{FAE04EC0-301F-11D3-BF4B-00C04F79EFBC}") = "TourConnect.TourService.Tests", "src\Services\TourService\TourConnect.TourService.Tests\TourConnect.TourService.Tests.csproj", "{B7213B78-885F-47E5-8DEC-C162EB44FA39}"
EndProject
Project("{2150E333-8FDC-42A3-9474-1A3956D46DE8}") = "MatchingService", "MatchingService", "{8782AF16-40F9-1DC5-704D-142205315B5E}"
EndProject
Project("{FAE04EC0-301F-11D3-BF4B-00C04F79EFBC}") = "TourConnect.MatchingService.Domain", "src\Services\MatchingService\TourConnect.MatchingService.Domain\TourConnect.MatchingService.Domain.csproj", "{51749058-1959-4236-9F6E-7D4B3068F383}"
EndProject
Project("{FAE04EC0-301F-11D3-BF4B-00C04F79EFBC}") = "TourConnect.MatchingService.Application", "src\Services\MatchingService\TourConnect.MatchingService.Application\TourConnect.MatchingService.Application.csproj", "{6AEC9E4A-FE4A-4E65-A650-1FF29C580287}"
EndProject
Project("{FAE04EC0-301F-11D3-BF4B-00C04F79EFBC}") = "TourConnect.MatchingService.Infrastructure", "src\Services\MatchingService\TourConnect.MatchingService.Infrastructure\TourConnect.MatchingService.Infrastructure.csproj", "{E295DE8B-4ACE-49F9-B54B-91ADBCF24C1F}"
EndProject
Project("{FAE04EC0-301F-11D3-BF4B-00C04F79EFBC}") = "TourConnect.MatchingService.Tests", "src\Services\MatchingService\TourConnect.MatchingService.Tests\TourConnect.MatchingService.Tests.csproj", "{7A207CB2-C870-4E95-92F9-AC15EB9F539E}"
EndProject
Global
	GlobalSection(SolutionConfigurationPlatforms) = preSolution
		Debug|Any CPU = Debug|Any CPU
		Debug|x64 = Debug|x64
		Debug|x86 = Debug|x86
		Release|Any CPU = Release|Any CPU
		Release|x64 = Release|x64
		Release|x86 = Release|x86
	EndGlobalSection
	GlobalSection(ProjectConfigurationPlatforms) = postSolution
		{CFE190F2-24AA-4428-8F80-3B92B111D1BC}.Debug|Any CPU.ActiveCfg = Debug|Any CPU
		{CFE190F2-24AA-4428-8F80-3B92B111D1BC}.Debug|Any CPU.Build.0 = Debug|Any CPU
		{CFE190F2-24AA-4428-8F80-3B92B111D1BC}.Debug|x64.ActiveCfg = Debug|Any CPU
		{CFE190F2-24AA-4428-8F80-3B92B111D1BC}.Debug|x64.Build.0 = Debug|Any CPU
		{CFE190F2-24AA-4428-8F80-3B92B111D1BC}.Debug|x86.ActiveCfg = Debug|Any CPU
		{CFE190F2-24AA-4428-8F80-3B92B111D1BC}.Debug|x86.Build.0 = Debug|Any CPU
		{CFE190F2-24AA-4428-8F80-3B92B111D1BC}.Release|Any CPU.ActiveCfg = Release|Any CPU
		{CFE190F2-24AA-4428-8F80-3B92B111D1BC}.Release|Any CPU.Build.0 = Release|Any CPU
		{CFE190F2-24AA-4428-8F80-3B92B111D1BC}.Release|x64.ActiveCfg = Release|Any CPU
		{CFE190F2-24AA-4428-8F80-3B92B111D1BC}.Release|x64.Build.0 = Release|Any CPU
		{CFE190F2-24AA-4428-8F80-3B92B111D1BC}.Release|x86.ActiveCfg = Release|Any CPU
		{CFE190F2-24AA-4428-8F80-3B92B111D1BC}.Release|x86.Build.0 = Release|Any CPU
		{5315090E-48CB-4B39-87B8-A807ECB55A44}.Debug|Any CPU.ActiveCfg = Debug|Any CPU
		{5315090E-48CB-4B39-87B8-A807ECB55A44}.Debug|Any CPU.Build.0 = Debug|Any CPU
		{5315090E-48CB-4B39-87B8-A807ECB55A44}.Debug|x64.ActiveCfg = Debug|Any CPU
		{5315090E-48CB-4B39-87B8-A807ECB55A44}.Debug|x64.Build.0 = Debug|Any CPU
		{5315090E-48CB-4B39-87B8-A807ECB55A44}.Debug|x86.ActiveCfg = Debug|Any CPU
		{5315090E-48CB-4B39-87B8-A807ECB55A44}.Debug|x86.Build.0 = Debug|Any CPU
		{5315090E-48CB-4B39-87B8-A807ECB55A44}.Release|Any CPU.ActiveCfg = Release|Any CPU
		{5315090E-48CB-4B39-87B8-A807ECB55A44}.Release|Any CPU.Build.0 = Release|Any CPU
		{5315090E-48CB-4B39-87B8-A807ECB55A44}.Release|x64.ActiveCfg = Release|Any CPU
		{5315090E-48CB-4B39-87B8-A807ECB55A44}.Release|x64.Build.0 = Release|Any CPU
		{5315090E-48CB-4B39-87B8-A807ECB55A44}.Release|x86.ActiveCfg = Release|Any CPU
		{5315090E-48CB-4B39-87B8-A807ECB55A44}.Release|x86.Build.0 = Release|Any CPU
		{2E5E83A9-DAB4-4E8D-B442-FF56CA5D3F05}.Debug|Any CPU.ActiveCfg = Debug|Any CPU
		{2E5E83A9-DAB4-4E8D-B442-FF56CA5D3F05}.Debug|Any CPU.Build.0 = Debug|Any CPU
		{2E5E83A9-DAB4-4E8D-B442-FF56CA5D3F05}.Debug|x64.ActiveCfg = Debug|Any CPU
		{2E5E83A9-DAB4-4E8D-B442-FF56CA5D3F05}.Debug|x64.Build.0 = Debug|Any CPU
		{2E5E83A9-DAB4-4E8D-B442-FF56CA5D3F05}.Debug|x86.ActiveCfg = Debug|Any CPU
		{2E5E83A9-DAB4-4E8D-B442-FF56CA5D3F05}.Debug|x86.Build.0 = Debug|Any CPU
		{2E5E83A9-DAB4-4E8D-B442-FF56CA5D3F05}.Release|Any CPU.ActiveCfg = Release|Any CPU
		{2E5E83A9-DAB4-4E8D-B442-FF56CA5D3F05}.Release|Any CPU.Build.0 = Release|Any CPU
		{2E5E83A9-DAB4-4E8D-B442-FF56CA5D3F05}.Release|x64.ActiveCfg = Release|Any CPU
		{2E5E83A9-DAB4-4E8D-B442-FF56CA5D3F05}.Release|x64.Build.0 = Release|Any CPU
		{2E5E83A9-DAB4-4E8D-B442-FF56CA5D3F05}.Release|x86.ActiveCfg = Release|Any CPU
		{2E5E83A9-DAB4-4E8D-B442-FF56CA5D3F05}.Release|x86.Build.0 = Release|Any CPU
		{E83ED270-6C7C-4BF0-A714-43511E276FFC}.Debug|Any CPU.ActiveCfg = Debug|Any CPU
		{E83ED270-6C7C-4BF0-A714-43511E276FFC}.Debug|Any CPU.Build.0 = Debug|Any CPU
		{E83ED270-6C7C-4BF0-A714-43511E276FFC}.Debug|x64.ActiveCfg = Debug|Any CPU
		{E83ED270-6C7C-4BF0-A714-43511E276FFC}.Debug|x64.Build.0 = Debug|Any CPU
		{E83ED270-6C7C-4BF0-A714-43511E276FFC}.Debug|x86.ActiveCfg = Debug|Any CPU
		{E83ED270-6C7C-4BF0-A714-43511E276FFC}.Debug|x86.Build.0 = Debug|Any CPU
		{E83ED270-6C7C-4BF0-A714-43511E276FFC}.Release|Any CPU.ActiveCfg = Release|Any CPU
		{E83ED270-6C7C-4BF0-A714-43511E276FFC}.Release|Any CPU.Build.0 = Release|Any CPU
		{E83ED270-6C7C-4BF0-A714-43511E276FFC}.Release|x64.ActiveCfg = Release|Any CPU
		{E83ED270-6C7C-4BF0-A714-43511E276FFC}.Release|x64.Build.0 = Release|Any CPU
		{E83ED270-6C7C-4BF0-A714-43511E276FFC}.Release|x86.ActiveCfg = Release|Any CPU
		{E83ED270-6C7C-4BF0-A714-43511E276FFC}.Release|x86.Build.0 = Release|Any CPU
		{086EF73D-1668-406E-B6B3-004AAA30BCC2}.Debug|Any CPU.ActiveCfg = Debug|Any CPU
		{086EF73D-1668-406E-B6B3-004AAA30BCC2}.Debug|Any CPU.Build.0 = Debug|Any CPU
		{086EF73D-1668-406E-B6B3-004AAA30BCC2}.Debug|x64.ActiveCfg = Debug|Any CPU
		{086EF73D-1668-406E-B6B3-004AAA30BCC2}.Debug|x64.Build.0 = Debug|Any CPU
		{086EF73D-1668-406E-B6B3-004AAA30BCC2}.Debug|x86.ActiveCfg = Debug|Any CPU
		{086EF73D-1668-406E-B6B3-004AAA30BCC2}.Debug|x86.Build.0 = Debug|Any CPU
		{086EF73D-1668-406E-B6B3-004AAA30BCC2}.Release|Any CPU.ActiveCfg = Release|Any CPU
		{086EF73D-1668-406E-B6B3-004AAA30BCC2}.Release|Any CPU.Build.0 = Release|Any CPU
		{086EF73D-1668-406E-B6B3-004AAA30BCC2}.Release|x64.ActiveCfg = Release|Any CPU
		{086EF73D-1668-406E-B6B3-004AAA30BCC2}.Release|x64.Build.0 = Release|Any CPU
		{086EF73D-1668-406E-B6B3-004AAA30BCC2}.Release|x86.ActiveCfg = Release|Any CPU
		{086EF73D-1668-406E-B6B3-004AAA30BCC2}.Release|x86.Build.0 = Release|Any CPU
		{38C8F671-31A7-4C89-9BBC-5B6751C6D54F}.Debug|Any CPU.ActiveCfg = Debug|Any CPU
		{38C8F671-31A7-4C89-9BBC-5B6751C6D54F}.Debug|Any CPU.Build.0 = Debug|Any CPU
		{38C8F671-31A7-4C89-9BBC-5B6751C6D54F}.Debug|x64.ActiveCfg = Debug|Any CPU
		{38C8F671-31A7-4C89-9BBC-5B6751C6D54F}.Debug|x64.Build.0 = Debug|Any CPU
		{38C8F671-31A7-4C89-9BBC-5B6751C6D54F}.Debug|x86.ActiveCfg = Debug|Any CPU
		{38C8F671-31A7-4C89-9BBC-5B6751C6D54F}.Debug|x86.Build.0 = Debug|Any CPU
		{38C8F671-31A7-4C89-9BBC-5B6751C6D54F}.Release|Any CPU.ActiveCfg = Release|Any CPU
		{38C8F671-31A7-4C89-9BBC-5B6751C6D54F}.Release|Any CPU.Build.0 = Release|Any CPU
		{38C8F671-31A7-4C89-9BBC-5B6751C6D54F}.Release|x64.ActiveCfg = Release|Any CPU
		{38C8F671-31A7-4C89-9BBC-5B6751C6D54F}.Release|x64.Build.0 = Release|Any CPU
		{38C8F671-31A7-4C89-9BBC-5B6751C6D54F}.Release|x86.ActiveCfg = Release|Any CPU
		{38C8F671-31A7-4C89-9BBC-5B6751C6D54F}.Release|x86.Build.0 = Release|Any CPU
		{4EA5FCC1-ED59-4BD3-B59B-58B8DED46676}.Debug|Any CPU.ActiveCfg = Debug|Any CPU
		{4EA5FCC1-ED59-4BD3-B59B-58B8DED46676}.Debug|Any CPU.Build.0 = Debug|Any CPU
		{4EA5FCC1-ED59-4BD3-B59B-58B8DED46676}.Debug|x64.ActiveCfg = Debug|Any CPU
		{4EA5FCC1-ED59-4BD3-B59B-58B8DED46676}.Debug|x64.Build.0 = Debug|Any CPU
		{4EA5FCC1-ED59-4BD3-B59B-58B8DED46676}.Debug|x86.ActiveCfg = Debug|Any CPU
		{4EA5FCC1-ED59-4BD3-B59B-58B8DED46676}.Debug|x86.Build.0 = Debug|Any CPU
		{4EA5FCC1-ED59-4BD3-B59B-58B8DED46676}.Release|Any CPU.ActiveCfg = Release|Any CPU
		{4EA5FCC1-ED59-4BD3-B59B-58B8DED46676}.Release|Any CPU.Build.0 = Release|Any CPU
		{4EA5FCC1-ED59-4BD3-B59B-58B8DED46676}.Release|x64.ActiveCfg = Release|Any CPU
		{4EA5FCC1-ED59-4BD3-B59B-58B8DED46676}.Release|x64.Build.0 = Release|Any CPU
		{4EA5FCC1-ED59-4BD3-B59B-58B8DED46676}.Release|x86.ActiveCfg = Release|Any CPU
		{4EA5FCC1-ED59-4BD3-B59B-58B8DED46676}.Release|x86.Build.0 = Release|Any CPU
		{BFB2FBD1-56C1-4A98-B656-F9F037C5B19E}.Debug|Any CPU.ActiveCfg = Debug|Any CPU
		{BFB2FBD1-56C1-4A98-B656-F9F037C5B19E}.Debug|Any CPU.Build.0 = Debug|Any CPU
		{BFB2FBD1-56C1-4A98-B656-F9F037C5B19E}.Debug|x64.ActiveCfg = Debug|Any CPU
		{BFB2FBD1-56C1-4A98-B656-F9F037C5B19E}.Debug|x64.Build.0 = Debug|Any CPU
		{BFB2FBD1-56C1-4A98-B656-F9F037C5B19E}.Debug|x86.ActiveCfg = Debug|Any CPU
		{BFB2FBD1-56C1-4A98-B656-F9F037C5B19E}.Debug|x86.Build.0 = Debug|Any CPU
		{BFB2FBD1-56C1-4A98-B656-F9F037C5B19E}.Release|Any CPU.ActiveCfg = Release|Any CPU
		{BFB2FBD1-56C1-4A98-B656-F9F037C5B19E}.Release|Any CPU.Build.0 = Release|Any CPU
		{BFB2FBD1-56C1-4A98-B656-F9F037C5B19E}.Release|x64.ActiveCfg = Release|Any CPU
		{BFB2FBD1-56C1-4A98-B656-F9F037C5B19E}.Release|x64.Build.0 = Release|Any CPU
		{BFB2FBD1-56C1-4A98-B656-F9F037C5B19E}.Release|x86.ActiveCfg = Release|Any CPU
		{BFB2FBD1-56C1-4A98-B656-F9F037C5B19E}.Release|x86.Build.0 = Release|Any CPU
		{0BEA9B0D-46B0-4AB9-BEC2-B2AFBDC904B9}.Debug|Any CPU.ActiveCfg = Debug|Any CPU
		{0BEA9B0D-46B0-4AB9-BEC2-B2AFBDC904B9}.Debug|Any CPU.Build.0 = Debug|Any CPU
		{0BEA9B0D-46B0-4AB9-BEC2-B2AFBDC904B9}.Debug|x64.ActiveCfg = Debug|Any CPU
		{0BEA9B0D-46B0-4AB9-BEC2-B2AFBDC904B9}.Debug|x64.Build.0 = Debug|Any CPU
		{0BEA9B0D-46B0-4AB9-BEC2-B2AFBDC904B9}.Debug|x86.ActiveCfg = Debug|Any CPU
		{0BEA9B0D-46B0-4AB9-BEC2-B2AFBDC904B9}.Debug|x86.Build.0 = Debug|Any CPU
		{0BEA9B0D-46B0-4AB9-BEC2-B2AFBDC904B9}.Release|Any CPU.ActiveCfg = Release|Any CPU
		{0BEA9B0D-46B0-4AB9-BEC2-B2AFBDC904B9}.Release|Any CPU.Build.0 = Release|Any CPU
		{0BEA9B0D-46B0-4AB9-BEC2-B2AFBDC904B9}.Release|x64.ActiveCfg = Release|Any CPU
		{0BEA9B0D-46B0-4AB9-BEC2-B2AFBDC904B9}.Release|x64.Build.0 = Release|Any CPU
		{0BEA9B0D-46B0-4AB9-BEC2-B2AFBDC904B9}.Release|x86.ActiveCfg = Release|Any CPU
		{0BEA9B0D-46B0-4AB9-BEC2-B2AFBDC904B9}.Release|x86.Build.0 = Release|Any CPU
		{E557DD96-2F5A-4E30-AAF5-7929AB104D27}.Debug|Any CPU.ActiveCfg = Debug|Any CPU
		{E557DD96-2F5A-4E30-AAF5-7929AB104D27}.Debug|Any CPU.Build.0 = Debug|Any CPU
		{E557DD96-2F5A-4E30-AAF5-7929AB104D27}.Debug|x64.ActiveCfg = Debug|Any CPU
		{E557DD96-2F5A-4E30-AAF5-7929AB104D27}.Debug|x64.Build.0 = Debug|Any CPU
		{E557DD96-2F5A-4E30-AAF5-7929AB104D27}.Debug|x86.ActiveCfg = Debug|Any CPU
		{E557DD96-2F5A-4E30-AAF5-7929AB104D27}.Debug|x86.Build.0 = Debug|Any CPU
		{E557DD96-2F5A-4E30-AAF5-7929AB104D27}.Release|Any CPU.ActiveCfg = Release|Any CPU
		{E557DD96-2F5A-4E30-AAF5-7929AB104D27}.Release|Any CPU.Build.0 = Release|Any CPU
		{E557DD96-2F5A-4E30-AAF5-7929AB104D27}.Release|x64.ActiveCfg = Release|Any CPU
		{E557DD96-2F5A-4E30-AAF5-7929AB104D27}.Release|x64.Build.0 = Release|Any CPU
		{E557DD96-2F5A-4E30-AAF5-7929AB104D27}.Release|x86.ActiveCfg = Release|Any CPU
		{E557DD96-2F5A-4E30-AAF5-7929AB104D27}.Release|x86.Build.0 = Release|Any CPU
		{45301EF6-AB9E-4D40-B030-2E5B468CDB68}.Debug|Any CPU.ActiveCfg = Debug|Any CPU
		{45301EF6-AB9E-4D40-B030-2E5B468CDB68}.Debug|Any CPU.Build.0 = Debug|Any CPU
		{45301EF6-AB9E-4D40-B030-2E5B468CDB68}.Debug|x64.ActiveCfg = Debug|Any CPU
		{45301EF6-AB9E-4D40-B030-2E5B468CDB68}.Debug|x64.Build.0 = Debug|Any CPU
		{45301EF6-AB9E-4D40-B030-2E5B468CDB68}.Debug|x86.ActiveCfg = Debug|Any CPU
		{45301EF6-AB9E-4D40-B030-2E5B468CDB68}.Debug|x86.Build.0 = Debug|Any CPU
		{45301EF6-AB9E-4D40-B030-2E5B468CDB68}.Release|Any CPU.ActiveCfg = Release|Any CPU
		{45301EF6-AB9E-4D40-B030-2E5B468CDB68}.Release|Any CPU.Build.0 = Release|Any CPU
		{45301EF6-AB9E-4D40-B030-2E5B468CDB68}.Release|x64.ActiveCfg = Release|Any CPU
		{45301EF6-AB9E-4D40-B030-2E5B468CDB68}.Release|x64.Build.0 = Release|Any CPU
		{45301EF6-AB9E-4D40-B030-2E5B468CDB68}.Release|x86.ActiveCfg = Release|Any CPU
		{45301EF6-AB9E-4D40-B030-2E5B468CDB68}.Release|x86.Build.0 = Release|Any CPU
		{0C47BD00-C5DE-43DC-A62D-FD51511D06CB}.Debug|Any CPU.ActiveCfg = Debug|Any CPU
		{0C47BD00-C5DE-43DC-A62D-FD51511D06CB}.Debug|Any CPU.Build.0 = Debug|Any CPU
		{0C47BD00-C5DE-43DC-A62D-FD51511D06CB}.Debug|x64.ActiveCfg = Debug|Any CPU
		{0C47BD00-C5DE-43DC-A62D-FD51511D06CB}.Debug|x64.Build.0 = Debug|Any CPU
		{0C47BD00-C5DE-43DC-A62D-FD51511D06CB}.Debug|x86.ActiveCfg = Debug|Any CPU
		{0C47BD00-C5DE-43DC-A62D-FD51511D06CB}.Debug|x86.Build.0 = Debug|Any CPU
		{0C47BD00-C5DE-43DC-A62D-FD51511D06CB}.Release|Any CPU.ActiveCfg = Release|Any CPU
		{0C47BD00-C5DE-43DC-A62D-FD51511D06CB}.Release|Any CPU.Build.0 = Release|Any CPU
		{0C47BD00-C5DE-43DC-A62D-FD51511D06CB}.Release|x64.ActiveCfg = Release|Any CPU
		{0C47BD00-C5DE-43DC-A62D-FD51511D06CB}.Release|x64.Build.0 = Release|Any CPU
		{0C47BD00-C5DE-43DC-A62D-FD51511D06CB}.Release|x86.ActiveCfg = Release|Any CPU
		{0C47BD00-C5DE-43DC-A62D-FD51511D06CB}.Release|x86.Build.0 = Release|Any CPU
		{7281067E-F0D1-4391-8C37-37B3BF2B11FA}.Debug|Any CPU.ActiveCfg = Debug|Any CPU
		{7281067E-F0D1-4391-8C37-37B3BF2B11FA}.Debug|Any CPU.Build.0 = Debug|Any CPU
		{7281067E-F0D1-4391-8C37-37B3BF2B11FA}.Debug|x64.ActiveCfg = Debug|Any CPU
		{7281067E-F0D1-4391-8C37-37B3BF2B11FA}.Debug|x64.Build.0 = Debug|Any CPU
		{7281067E-F0D1-4391-8C37-37B3BF2B11FA}.Debug|x86.ActiveCfg = Debug|Any CPU
		{7281067E-F0D1-4391-8C37-37B3BF2B11FA}.Debug|x86.Build.0 = Debug|Any CPU
		{7281067E-F0D1-4391-8C37-37B3BF2B11FA}.Release|Any CPU.ActiveCfg = Release|Any CPU
		{7281067E-F0D1-4391-8C37-37B3BF2B11FA}.Release|Any CPU.Build.0 = Release|Any CPU
		{7281067E-F0D1-4391-8C37-37B3BF2B11FA}.Release|x64.ActiveCfg = Release|Any CPU
		{7281067E-F0D1-4391-8C37-37B3BF2B11FA}.Release|x64.Build.0 = Release|Any CPU
		{7281067E-F0D1-4391-8C37-37B3BF2B11FA}.Release|x86.ActiveCfg = Release|Any CPU
		{7281067E-F0D1-4391-8C37-37B3BF2B11FA}.Release|x86.Build.0 = Release|Any CPU
		{02AC0111-5F2D-4848-9DBB-5D334DC9D410}.Debug|Any CPU.ActiveCfg = Debug|Any CPU
		{02AC0111-5F2D-4848-9DBB-5D334DC9D410}.Debug|Any CPU.Build.0 = Debug|Any CPU
		{02AC0111-5F2D-4848-9DBB-5D334DC9D410}.Debug|x64.ActiveCfg = Debug|Any CPU
		{02AC0111-5F2D-4848-9DBB-5D334DC9D410}.Debug|x64.Build.0 = Debug|Any CPU
		{02AC0111-5F2D-4848-9DBB-5D334DC9D410}.Debug|x86.ActiveCfg = Debug|Any CPU
		{02AC0111-5F2D-4848-9DBB-5D334DC9D410}.Debug|x86.Build.0 = Debug|Any CPU
		{02AC0111-5F2D-4848-9DBB-5D334DC9D410}.Release|Any CPU.ActiveCfg = Release|Any CPU
		{02AC0111-5F2D-4848-9DBB-5D334DC9D410}.Release|Any CPU.Build.0 = Release|Any CPU
		{02AC0111-5F2D-4848-9DBB-5D334DC9D410}.Release|x64.ActiveCfg = Release|Any CPU
		{02AC0111-5F2D-4848-9DBB-5D334DC9D410}.Release|x64.Build.0 = Release|Any CPU
		{02AC0111-5F2D-4848-9DBB-5D334DC9D410}.Release|x86.ActiveCfg = Release|Any CPU
		{02AC0111-5F2D-4848-9DBB-5D334DC9D410}.Release|x86.Build.0 = Release|Any CPU
		{B7213B78-885F-47E5-8DEC-C162EB44FA39}.Debug|Any CPU.ActiveCfg = Debug|Any CPU
		{B7213B78-885F-47E5-8DEC-C162EB44FA39}.Debug|Any CPU.Build.0 = Debug|Any CPU
		{B7213B78-885F-47E5-8DEC-C162EB44FA39}.Debug|x64.ActiveCfg = Debug|Any CPU
		{B7213B78-885F-47E5-8DEC-C162EB44FA39}.Debug|x64.Build.0 = Debug|Any CPU
		{B7213B78-885F-47E5-8DEC-C162EB44FA39}.Debug|x86.ActiveCfg = Debug|Any CPU
		{B7213B78-885F-47E5-8DEC-C162EB44FA39}.Debug|x86.Build.0 = Debug|Any CPU
		{B7213B78-885F-47E5-8DEC-C162EB44FA39}.Release|Any CPU.ActiveCfg = Release|Any CPU
		{B7213B78-885F-47E5-8DEC-C162EB44FA39}.Release|Any CPU.Build.0 = Release|Any CPU
		{B7213B78-885F-47E5-8DEC-C162EB44FA39}.Release|x64.ActiveCfg = Release|Any CPU
		{B7213B78-885F-47E5-8DEC-C162EB44FA39}.Release|x64.Build.0 = Release|Any CPU
		{B7213B78-885F-47E5-8DEC-C162EB44FA39}.Release|x86.ActiveCfg = Release|Any CPU
		{B7213B78-885F-47E5-8DEC-C162EB44FA39}.Release|x86.Build.0 = Release|Any CPU
		{51749058-1959-4236-9F6E-7D4B3068F383}.Debug|Any CPU.ActiveCfg = Debug|Any CPU
		{51749058-1959-4236-9F6E-7D4B3068F383}.Debug|Any CPU.Build.0 = Debug|Any CPU
		{51749058-1959-4236-9F6E-7D4B3068F383}.Debug|x64.ActiveCfg = Debug|Any CPU
		{51749058-1959-4236-9F6E-7D4B3068F383}.Debug|x64.Build.0 = Debug|Any CPU
		{51749058-1959-4236-9F6E-7D4B3068F383}.Debug|x86.ActiveCfg = Debug|Any CPU
		{51749058-1959-4236-9F6E-7D4B3068F383}.Debug|x86.Build.0 = Debug|Any CPU
		{51749058-1959-4236-9F6E-7D4B3068F383}.Release|Any CPU.ActiveCfg = Release|Any CPU
		{51749058-1959-4236-9F6E-7D4B3068F383}.Release|Any CPU.Build.0 = Release|Any CPU
		{51749058-1959-4236-9F6E-7D4B3068F383}.Release|x64.ActiveCfg = Release|Any CPU
		{51749058-1959-4236-9F6E-7D4B3068F383}.Release|x64.Build.0 = Release|Any CPU
		{51749058-1959-4236-9F6E-7D4B3068F383}.Release|x86.ActiveCfg = Release|Any CPU
		{51749058-1959-4236-9F6E-7D4B3068F383}.Release|x86.Build.0 = Release|Any CPU
		{6AEC9E4A-FE4A-4E65-A650-1FF29C580287}.Debug|Any CPU.ActiveCfg = Debug|Any CPU
		{6AEC9E4A-FE4A-4E65-A650-1FF29C580287}.Debug|Any CPU.Build.0 = Debug|Any CPU
		{6AEC9E4A-FE4A-4E65-A650-1FF29C580287}.Debug|x64.ActiveCfg = Debug|Any CPU
		{6AEC9E4A-FE4A-4E65-A650-1FF29C580287}.Debug|x64.Build.0 = Debug|Any CPU
		{6AEC9E4A-FE4A-4E65-A650-1FF29C580287}.Debug|x86.ActiveCfg = Debug|Any CPU
		{6AEC9E4A-FE4A-4E65-A650-1FF29C580287}.Debug|x86.Build.0 = Debug|Any CPU
		{6AEC9E4A-FE4A-4E65-A650-1FF29C580287}.Release|Any CPU.ActiveCfg = Release|Any CPU
		{6AEC9E4A-FE4A-4E65-A650-1FF29C580287}.Release|Any CPU.Build.0 = Release|Any CPU
		{6AEC9E4A-FE4A-4E65-A650-1FF29C580287}.Release|x64.ActiveCfg = Release|Any CPU
		{6AEC9E4A-FE4A-4E65-A650-1FF29C580287}.Release|x64.Build.0 = Release|Any CPU
		{6AEC9E4A-FE4A-4E65-A650-1FF29C580287}.Release|x86.ActiveCfg = Release|Any CPU
		{6AEC9E4A-FE4A-4E65-A650-1FF29C580287}.Release|x86.Build.0 = Release|Any CPU
		{E295DE8B-4ACE-49F9-B54B-91ADBCF24C1F}.Debug|Any CPU.ActiveCfg = Debug|Any CPU
		{E295DE8B-4ACE-49F9-B54B-91ADBCF24C1F}.Debug|Any CPU.Build.0 = Debug|Any CPU
		{E295DE8B-4ACE-49F9-B54B-91ADBCF24C1F}.Debug|x64.ActiveCfg = Debug|Any CPU
		{E295DE8B-4ACE-49F9-B54B-91ADBCF24C1F}.Debug|x64.Build.0 = Debug|Any CPU
		{E295DE8B-4ACE-49F9-B54B-91ADBCF24C1F}.Debug|x86.ActiveCfg = Debug|Any CPU
		{E295DE8B-4ACE-49F9-B54B-91ADBCF24C1F}.Debug|x86.Build.0 = Debug|Any CPU
		{E295DE8B-4ACE-49F9-B54B-91ADBCF24C1F}.Release|Any CPU.ActiveCfg = Release|Any CPU
		{E295DE8B-4ACE-49F9-B54B-91ADBCF24C1F}.Release|Any CPU.Build.0 = Release|Any CPU
		{E295DE8B-4ACE-49F9-B54B-91ADBCF24C1F}.Release|x64.ActiveCfg = Release|Any CPU
		{E295DE8B-4ACE-49F9-B54B-91ADBCF24C1F}.Release|x64.Build.0 = Release|Any CPU
		{E295DE8B-4ACE-49F9-B54B-91ADBCF24C1F}.Release|x86.ActiveCfg = Release|Any CPU
		{E295DE8B-4ACE-49F9-B54B-91ADBCF24C1F}.Release|x86.Build.0 = Release|Any CPU
		{7A207CB2-C870-4E95-92F9-AC15EB9F539E}.Debug|Any CPU.ActiveCfg = Debug|Any CPU
		{7A207CB2-C870-4E95-92F9-AC15EB9F539E}.Debug|Any CPU.Build.0 = Debug|Any CPU
		{7A207CB2-C870-4E95-92F9-AC15EB9F539E}.Debug|x64.ActiveCfg = Debug|Any CPU
		{7A207CB2-C870-4E95-92F9-AC15EB9F539E}.Debug|x64.Build.0 = Debug|Any CPU
		{7A207CB2-C870-4E95-92F9-AC15EB9F539E}.Debug|x86.ActiveCfg = Debug|Any CPU
		{7A207CB2-C870-4E95-92F9-AC15EB9F539E}.Debug|x86.Build.0 = Debug|Any CPU
		{7A207CB2-C870-4E95-92F9-AC15EB9F539E}.Release|Any CPU.ActiveCfg = Release|Any CPU
		{7A207CB2-C870-4E95-92F9-AC15EB9F539E}.Release|Any CPU.Build.0 = Release|Any CPU
		{7A207CB2-C870-4E95-92F9-AC15EB9F539E}.Release|x64.ActiveCfg = Release|Any CPU
		{7A207CB2-C870-4E95-92F9-AC15EB9F539E}.Release|x64.Build.0 = Release|Any CPU
		{7A207CB2-C870-4E95-92F9-AC15EB9F539E}.Release|x86.ActiveCfg = Release|Any CPU
		{7A207CB2-C870-4E95-92F9-AC15EB9F539E}.Release|x86.Build.0 = Release|Any CPU
	EndGlobalSection
	GlobalSection(SolutionProperties) = preSolution
		HideSolutionNode = FALSE
	EndGlobalSection
	GlobalSection(NestedProjects) = preSolution
		{90298CBA-BD6F-3A0A-69D5-97CAD7B05E7E} = {827E0CD3-B72D-47B6-A68D-7590B98EB39B}
		{CFE190F2-24AA-4428-8F80-3B92B111D1BC} = {90298CBA-BD6F-3A0A-69D5-97CAD7B05E7E}
		{5315090E-48CB-4B39-87B8-A807ECB55A44} = {90298CBA-BD6F-3A0A-69D5-97CAD7B05E7E}
		{93412518-5B28-46C9-9C3A-D0F59B4753F5} = {827E0CD3-B72D-47B6-A68D-7590B98EB39B}
		{2E5E83A9-DAB4-4E8D-B442-FF56CA5D3F05} = {93412518-5B28-46C9-9C3A-D0F59B4753F5}
		{729A333E-ABD6-BEB7-26CA-C39A7539F140} = {827E0CD3-B72D-47B6-A68D-7590B98EB39B}
		{E83ED270-6C7C-4BF0-A714-43511E276FFC} = {729A333E-ABD6-BEB7-26CA-C39A7539F140}
		{086EF73D-1668-406E-B6B3-004AAA30BCC2} = {729A333E-ABD6-BEB7-26CA-C39A7539F140}
		{38C8F671-31A7-4C89-9BBC-5B6751C6D54F} = {729A333E-ABD6-BEB7-26CA-C39A7539F140}
		{4EA5FCC1-ED59-4BD3-B59B-58B8DED46676} = {729A333E-ABD6-BEB7-26CA-C39A7539F140}
		{BFB2FBD1-56C1-4A98-B656-F9F037C5B19E} = {729A333E-ABD6-BEB7-26CA-C39A7539F140}
		{984BB9B3-3FA3-BE33-9484-CAC21695A33C} = {827E0CD3-B72D-47B6-A68D-7590B98EB39B}
		{E4D89B8B-A6D4-BC0A-2229-2ABC878118D8} = {984BB9B3-3FA3-BE33-9484-CAC21695A33C}
		{0BEA9B0D-46B0-4AB9-BEC2-B2AFBDC904B9} = {E4D89B8B-A6D4-BC0A-2229-2ABC878118D8}
		{94D1A4AD-6380-E953-EAC2-EBD37294B1B4} = {984BB9B3-3FA3-BE33-9484-CAC21695A33C}
		{E557DD96-2F5A-4E30-AAF5-7929AB104D27} = {94D1A4AD-6380-E953-EAC2-EBD37294B1B4}
		{6306A8FB-679E-111F-6585-8F70E0EE6013} = {827E0CD3-B72D-47B6-A68D-7590B98EB39B}
		{45301EF6-AB9E-4D40-B030-2E5B468CDB68} = {6306A8FB-679E-111F-6585-8F70E0EE6013}
		{BA3108AB-3D09-E86C-2454-C4155AC70159} = {5854FF58-B8C5-05C6-5BF2-ACE42193F22B}
		{0C47BD00-C5DE-43DC-A62D-FD51511D06CB} = {BA3108AB-3D09-E86C-2454-C4155AC70159}
		{7281067E-F0D1-4391-8C37-37B3BF2B11FA} = {BA3108AB-3D09-E86C-2454-C4155AC70159}
		{02AC0111-5F2D-4848-9DBB-5D334DC9D410} = {BA3108AB-3D09-E86C-2454-C4155AC70159}
		{B7213B78-885F-47E5-8DEC-C162EB44FA39} = {BA3108AB-3D09-E86C-2454-C4155AC70159}
		{8782AF16-40F9-1DC5-704D-142205315B5E} = {5854FF58-B8C5-05C6-5BF2-ACE42193F22B}
		{51749058-1959-4236-9F6E-7D4B3068F383} = {8782AF16-40F9-1DC5-704D-142205315B5E}
		{6AEC9E4A-FE4A-4E65-A650-1FF29C580287} = {8782AF16-40F9-1DC5-704D-142205315B5E}
		{E295DE8B-4ACE-49F9-B54B-91ADBCF24C1F} = {8782AF16-40F9-1DC5-704D-142205315B5E}
		{7A207CB2-C870-4E95-92F9-AC15EB9F539E} = {8782AF16-40F9-1DC5-704D-142205315B5E}
	EndGlobalSection
EndGlobal
